// !$*UTF8*$!
{
	archiveVersion = 1;
	classes = {
	};
	objectVersion = 50;
	objects = {

/* Begin PBXBuildFile section */
		C954D84A250C8B5800488BCF /* CwlFeedReaderApp.swift in Sources */ = {isa = PBXBuildFile; fileRef = C954D837250C8B5700488BCF /* CwlFeedReaderApp.swift */; };
		C954D84B250C8B5800488BCF /* CwlFeedReaderApp.swift in Sources */ = {isa = PBXBuildFile; fileRef = C954D837250C8B5700488BCF /* CwlFeedReaderApp.swift */; };
		C954D84C250C8B5800488BCF /* ContentView.swift in Sources */ = {isa = PBXBuildFile; fileRef = C954D838250C8B5700488BCF /* ContentView.swift */; };
		C954D84D250C8B5800488BCF /* ContentView.swift in Sources */ = {isa = PBXBuildFile; fileRef = C954D838250C8B5700488BCF /* ContentView.swift */; };
		C954D86A250C8DFD00488BCF /* Assets.xcassets in Resources */ = {isa = PBXBuildFile; fileRef = C954D866250C8DFD00488BCF /* Assets.xcassets */; };
		C954D86B250C8DFD00488BCF /* Assets.xcassets in Resources */ = {isa = PBXBuildFile; fileRef = C954D866250C8DFD00488BCF /* Assets.xcassets */; };
/* End PBXBuildFile section */

/* Begin PBXFileReference section */
		C954D837250C8B5700488BCF /* CwlFeedReaderApp.swift */ = {isa = PBXFileReference; lastKnownFileType = sourcecode.swift; path = CwlFeedReaderApp.swift; sourceTree = "<group>"; };
		C954D838250C8B5700488BCF /* ContentView.swift */ = {isa = PBXFileReference; lastKnownFileType = sourcecode.swift; path = ContentView.swift; sourceTree = "<group>"; };
		C954D83E250C8B5800488BCF /* CwlFeedReader.app */ = {isa = PBXFileReference; explicitFileType = wrapper.application; includeInIndex = 0; path = CwlFeedReader.app; sourceTree = BUILT_PRODUCTS_DIR; };
		C954D846250C8B5800488BCF /* CwlFeedReader.app */ = {isa = PBXFileReference; explicitFileType = wrapper.application; includeInIndex = 0; path = CwlFeedReader.app; sourceTree = BUILT_PRODUCTS_DIR; };
		C954D866250C8DFD00488BCF /* Assets.xcassets */ = {isa = PBXFileReference; lastKnownFileType = folder.assetcatalog; path = Assets.xcassets; sourceTree = "<group>"; };
		C954D867250C8DFD00488BCF /* macOS.entitlements */ = {isa = PBXFileReference; fileEncoding = 4; lastKnownFileType = text.plist.entitlements; path = macOS.entitlements; sourceTree = "<group>"; };
		C954D868250C8DFD00488BCF /* macOS-Info.plist */ = {isa = PBXFileReference; fileEncoding = 4; lastKnownFileType = text.plist.xml; path = "macOS-Info.plist"; sourceTree = "<group>"; };
		C954D869250C8DFD00488BCF /* iOS-Info.plist */ = {isa = PBXFileReference; fileEncoding = 4; lastKnownFileType = text.plist.xml; path = "iOS-Info.plist"; sourceTree = "<group>"; };
/* End PBXFileReference section */

/* Begin PBXFrameworksBuildPhase section */
		C954D83B250C8B5800488BCF /* Frameworks */ = {
			isa = PBXFrameworksBuildPhase;
			buildActionMask = 2147483647;
			files = (
			);
			runOnlyForDeploymentPostprocessing = 0;
		};
		C954D843250C8B5800488BCF /* Frameworks */ = {
			isa = PBXFrameworksBuildPhase;
			buildActionMask = 2147483647;
			files = (
			);
			runOnlyForDeploymentPostprocessing = 0;
		};
/* End PBXFrameworksBuildPhase section */

/* Begin PBXGroup section */
		C954D831250C8B5700488BCF = {
			isa = PBXGroup;
			children = (
				C954D836250C8B5700488BCF /* App */,
				C954D83F250C8B5800488BCF /* Products */,
			);
			sourceTree = "<group>";
		};
		C954D836250C8B5700488BCF /* App */ = {
			isa = PBXGroup;
			children = (
				C954D838250C8B5700488BCF /* ContentView.swift */,
				C954D837250C8B5700488BCF /* CwlFeedReaderApp.swift */,
				C954D865250C8DFD00488BCF /* Resources */,
			);
			path = App;
			sourceTree = "<group>";
		};
		C954D83F250C8B5800488BCF /* Products */ = {
			isa = PBXGroup;
			children = (
				C954D83E250C8B5800488BCF /* CwlFeedReader.app */,
				C954D846250C8B5800488BCF /* CwlFeedReader.app */,
			);
			name = Products;
			sourceTree = "<group>";
		};
		C954D865250C8DFD00488BCF /* Resources */ = {
			isa = PBXGroup;
			children = (
				C954D866250C8DFD00488BCF /* Assets.xcassets */,
				C954D869250C8DFD00488BCF /* iOS-Info.plist */,
				C954D868250C8DFD00488BCF /* macOS-Info.plist */,
				C954D867250C8DFD00488BCF /* macOS.entitlements */,
			);
			path = Resources;
			sourceTree = "<group>";
		};
/* End PBXGroup section */

/* Begin PBXNativeTarget section */
		C954D83D250C8B5800488BCF /* CwlFeedReader (iOS) */ = {
			isa = PBXNativeTarget;
			buildConfigurationList = C954D852250C8B5800488BCF /* Build configuration list for PBXNativeTarget "CwlFeedReader (iOS)" */;
			buildPhases = (
				C954D83A250C8B5800488BCF /* Sources */,
				C954D83B250C8B5800488BCF /* Frameworks */,
				C954D83C250C8B5800488BCF /* Resources */,
			);
			buildRules = (
			);
			dependencies = (
			);
			name = "CwlFeedReader (iOS)";
			productName = "CwlFeedReader (iOS)";
			productReference = C954D83E250C8B5800488BCF /* CwlFeedReader.app */;
			productType = "com.apple.product-type.application";
		};
		C954D845250C8B5800488BCF /* CwlFeedReader (macOS) */ = {
			isa = PBXNativeTarget;
			buildConfigurationList = C954D855250C8B5800488BCF /* Build configuration list for PBXNativeTarget "CwlFeedReader (macOS)" */;
			buildPhases = (
				C954D842250C8B5800488BCF /* Sources */,
				C954D843250C8B5800488BCF /* Frameworks */,
				C954D844250C8B5800488BCF /* Resources */,
			);
			buildRules = (
			);
			dependencies = (
			);
			name = "CwlFeedReader (macOS)";
			productName = "CwlFeedReader (macOS)";
			productReference = C954D846250C8B5800488BCF /* CwlFeedReader.app */;
			productType = "com.apple.product-type.application";
		};
/* End PBXNativeTarget section */

/* Begin PBXProject section */
		C954D832250C8B5700488BCF /* Project object */ = {
			isa = PBXProject;
			attributes = {
				LastSwiftUpdateCheck = 1200;
				LastUpgradeCheck = 1200;
				TargetAttributes = {
					C954D83D250C8B5800488BCF = {
						CreatedOnToolsVersion = 12.0;
					};
					C954D845250C8B5800488BCF = {
						CreatedOnToolsVersion = 12.0;
					};
				};
			};
			buildConfigurationList = C954D835250C8B5700488BCF /* Build configuration list for PBXProject "CwlFeedReader" */;
			compatibilityVersion = "Xcode 9.3";
			developmentRegion = en;
			hasScannedForEncodings = 0;
			knownRegions = (
				en,
				Base,
			);
			mainGroup = C954D831250C8B5700488BCF;
			productRefGroup = C954D83F250C8B5800488BCF /* Products */;
			projectDirPath = "";
			projectRoot = "";
			targets = (
				C954D83D250C8B5800488BCF /* CwlFeedReader (iOS) */,
				C954D845250C8B5800488BCF /* CwlFeedReader (macOS) */,
			);
		};
/* End PBXProject section */

/* Begin PBXResourcesBuildPhase section */
		C954D83C250C8B5800488BCF /* Resources */ = {
			isa = PBXResourcesBuildPhase;
			buildActionMask = 2147483647;
			files = (
				C954D86A250C8DFD00488BCF /* Assets.xcassets in Resources */,
			);
			runOnlyForDeploymentPostprocessing = 0;
		};
		C954D844250C8B5800488BCF /* Resources */ = {
			isa = PBXResourcesBuildPhase;
			buildActionMask = 2147483647;
			files = (
				C954D86B250C8DFD00488BCF /* Assets.xcassets in Resources */,
			);
			runOnlyForDeploymentPostprocessing = 0;
		};
/* End PBXResourcesBuildPhase section */

/* Begin PBXSourcesBuildPhase section */
		C954D83A250C8B5800488BCF /* Sources */ = {
			isa = PBXSourcesBuildPhase;
			buildActionMask = 2147483647;
			files = (
				C954D84C250C8B5800488BCF /* ContentView.swift in Sources */,
				C954D84A250C8B5800488BCF /* CwlFeedReaderApp.swift in Sources */,
			);
			runOnlyForDeploymentPostprocessing = 0;
		};
		C954D842250C8B5800488BCF /* Sources */ = {
			isa = PBXSourcesBuildPhase;
			buildActionMask = 2147483647;
			files = (
				C954D84D250C8B5800488BCF /* ContentView.swift in Sources */,
				C954D84B250C8B5800488BCF /* CwlFeedReaderApp.swift in Sources */,
			);
			runOnlyForDeploymentPostprocessing = 0;
		};
/* End PBXSourcesBuildPhase section */

/* Begin XCBuildConfiguration section */
		C954D850250C8B5800488BCF /* Debug */ = {
			isa = XCBuildConfiguration;
			buildSettings = {
				ALWAYS_SEARCH_USER_PATHS = NO;
				CLANG_ANALYZER_NONNULL = YES;
				CLANG_ANALYZER_NUMBER_OBJECT_CONVERSION = YES_AGGRESSIVE;
				CLANG_CXX_LANGUAGE_STANDARD = "gnu++14";
				CLANG_CXX_LIBRARY = "libc++";
				CLANG_ENABLE_MODULES = YES;
				CLANG_ENABLE_OBJC_ARC = YES;
				CLANG_ENABLE_OBJC_WEAK = YES;
				CLANG_WARN_BLOCK_CAPTURE_AUTORELEASING = YES;
				CLANG_WARN_BOOL_CONVERSION = YES;
				CLANG_WARN_COMMA = YES;
				CLANG_WARN_CONSTANT_CONVERSION = YES;
				CLANG_WARN_DEPRECATED_OBJC_IMPLEMENTATIONS = YES;
				CLANG_WARN_DIRECT_OBJC_ISA_USAGE = YES_ERROR;
				CLANG_WARN_DOCUMENTATION_COMMENTS = YES;
				CLANG_WARN_EMPTY_BODY = YES;
				CLANG_WARN_ENUM_CONVERSION = YES;
				CLANG_WARN_INFINITE_RECURSION = YES;
				CLANG_WARN_INT_CONVERSION = YES;
				CLANG_WARN_NON_LITERAL_NULL_CONVERSION = YES;
				CLANG_WARN_OBJC_IMPLICIT_RETAIN_SELF = YES;
				CLANG_WARN_OBJC_LITERAL_CONVERSION = YES;
				CLANG_WARN_OBJC_ROOT_CLASS = YES_ERROR;
				CLANG_WARN_QUOTED_INCLUDE_IN_FRAMEWORK_HEADER = YES;
				CLANG_WARN_RANGE_LOOP_ANALYSIS = YES;
				CLANG_WARN_STRICT_PROTOTYPES = YES;
				CLANG_WARN_SUSPICIOUS_MOVE = YES;
				CLANG_WARN_UNGUARDED_AVAILABILITY = YES_AGGRESSIVE;
				CLANG_WARN_UNREACHABLE_CODE = YES;
				CLANG_WARN__DUPLICATE_METHOD_MATCH = YES;
				COPY_PHASE_STRIP = NO;
				DEBUG_INFORMATION_FORMAT = dwarf;
				ENABLE_STRICT_OBJC_MSGSEND = YES;
				ENABLE_TESTABILITY = YES;
				GCC_C_LANGUAGE_STANDARD = gnu11;
				GCC_DYNAMIC_NO_PIC = NO;
				GCC_NO_COMMON_BLOCKS = YES;
				GCC_OPTIMIZATION_LEVEL = 0;
				GCC_PREPROCESSOR_DEFINITIONS = (
					"DEBUG=1",
					"$(inherited)",
				);
				GCC_WARN_64_TO_32_BIT_CONVERSION = YES;
				GCC_WARN_ABOUT_RETURN_TYPE = YES_ERROR;
				GCC_WARN_UNDECLARED_SELECTOR = YES;
				GCC_WARN_UNINITIALIZED_AUTOS = YES_AGGRESSIVE;
				GCC_WARN_UNUSED_FUNCTION = YES;
				GCC_WARN_UNUSED_VARIABLE = YES;
				MTL_ENABLE_DEBUG_INFO = INCLUDE_SOURCE;
				MTL_FAST_MATH = YES;
				ONLY_ACTIVE_ARCH = YES;
				SWIFT_ACTIVE_COMPILATION_CONDITIONS = DEBUG;
				SWIFT_OPTIMIZATION_LEVEL = "-Onone";
			};
			name = Debug;
		};
		C954D851250C8B5800488BCF /* Release */ = {
			isa = XCBuildConfiguration;
			buildSettings = {
				ALWAYS_SEARCH_USER_PATHS = NO;
				CLANG_ANALYZER_NONNULL = YES;
				CLANG_ANALYZER_NUMBER_OBJECT_CONVERSION = YES_AGGRESSIVE;
				CLANG_CXX_LANGUAGE_STANDARD = "gnu++14";
				CLANG_CXX_LIBRARY = "libc++";
				CLANG_ENABLE_MODULES = YES;
				CLANG_ENABLE_OBJC_ARC = YES;
				CLANG_ENABLE_OBJC_WEAK = YES;
				CLANG_WARN_BLOCK_CAPTURE_AUTORELEASING = YES;
				CLANG_WARN_BOOL_CONVERSION = YES;
				CLANG_WARN_COMMA = YES;
				CLANG_WARN_CONSTANT_CONVERSION = YES;
				CLANG_WARN_DEPRECATED_OBJC_IMPLEMENTATIONS = YES;
				CLANG_WARN_DIRECT_OBJC_ISA_USAGE = YES_ERROR;
				CLANG_WARN_DOCUMENTATION_COMMENTS = YES;
				CLANG_WARN_EMPTY_BODY = YES;
				CLANG_WARN_ENUM_CONVERSION = YES;
				CLANG_WARN_INFINITE_RECURSION = YES;
				CLANG_WARN_INT_CONVERSION = YES;
				CLANG_WARN_NON_LITERAL_NULL_CONVERSION = YES;
				CLANG_WARN_OBJC_IMPLICIT_RETAIN_SELF = YES;
				CLANG_WARN_OBJC_LITERAL_CONVERSION = YES;
				CLANG_WARN_OBJC_ROOT_CLASS = YES_ERROR;
				CLANG_WARN_QUOTED_INCLUDE_IN_FRAMEWORK_HEADER = YES;
				CLANG_WARN_RANGE_LOOP_ANALYSIS = YES;
				CLANG_WARN_STRICT_PROTOTYPES = YES;
				CLANG_WARN_SUSPICIOUS_MOVE = YES;
				CLANG_WARN_UNGUARDED_AVAILABILITY = YES_AGGRESSIVE;
				CLANG_WARN_UNREACHABLE_CODE = YES;
				CLANG_WARN__DUPLICATE_METHOD_MATCH = YES;
				COPY_PHASE_STRIP = NO;
				DEBUG_INFORMATION_FORMAT = "dwarf-with-dsym";
				ENABLE_NS_ASSERTIONS = NO;
				ENABLE_STRICT_OBJC_MSGSEND = YES;
				GCC_C_LANGUAGE_STANDARD = gnu11;
				GCC_NO_COMMON_BLOCKS = YES;
				GCC_WARN_64_TO_32_BIT_CONVERSION = YES;
				GCC_WARN_ABOUT_RETURN_TYPE = YES_ERROR;
				GCC_WARN_UNDECLARED_SELECTOR = YES;
				GCC_WARN_UNINITIALIZED_AUTOS = YES_AGGRESSIVE;
				GCC_WARN_UNUSED_FUNCTION = YES;
				GCC_WARN_UNUSED_VARIABLE = YES;
				MTL_ENABLE_DEBUG_INFO = NO;
				MTL_FAST_MATH = YES;
				SWIFT_COMPILATION_MODE = wholemodule;
				SWIFT_OPTIMIZATION_LEVEL = "-O";
			};
			name = Release;
		};
		C954D853250C8B5800488BCF /* Debug */ = {
			isa = XCBuildConfiguration;
			buildSettings = {
				ASSETCATALOG_COMPILER_APPICON_NAME = AppIcon;
				ASSETCATALOG_COMPILER_GLOBAL_ACCENT_COLOR_NAME = AccentColor;
				CODE_SIGN_STYLE = Automatic;
				DEVELOPMENT_TEAM = S7YQ892G6G;
				ENABLE_PREVIEWS = YES;
				INFOPLIST_FILE = "App/Resources/iOS-Info.plist";
				IPHONEOS_DEPLOYMENT_TARGET = 14.0;
				LD_RUNPATH_SEARCH_PATHS = (
					"$(inherited)",
					"@executable_path/Frameworks",
				);
				PRODUCT_BUNDLE_IDENTIFIER = com.cocoawithlove.CwlFeedReader;
				PRODUCT_NAME = CwlFeedReader;
				SDKROOT = iphoneos;
				SWIFT_VERSION = 5.0;
				TARGETED_DEVICE_FAMILY = "1,2";
			};
			name = Debug;
		};
		C954D854250C8B5800488BCF /* Release */ = {
			isa = XCBuildConfiguration;
			buildSettings = {
				ASSETCATALOG_COMPILER_APPICON_NAME = AppIcon;
				ASSETCATALOG_COMPILER_GLOBAL_ACCENT_COLOR_NAME = AccentColor;
				CODE_SIGN_STYLE = Automatic;
				DEVELOPMENT_TEAM = S7YQ892G6G;
				ENABLE_PREVIEWS = YES;
				INFOPLIST_FILE = "App/Resources/iOS-Info.plist";
				IPHONEOS_DEPLOYMENT_TARGET = 14.0;
				LD_RUNPATH_SEARCH_PATHS = (
					"$(inherited)",
					"@executable_path/Frameworks",
				);
				PRODUCT_BUNDLE_IDENTIFIER = com.cocoawithlove.CwlFeedReader;
				PRODUCT_NAME = CwlFeedReader;
				SDKROOT = iphoneos;
				SWIFT_VERSION = 5.0;
				TARGETED_DEVICE_FAMILY = "1,2";
				VALIDATE_PRODUCT = YES;
			};
			name = Release;
		};
		C954D856250C8B5800488BCF /* Debug */ = {
			isa = XCBuildConfiguration;
			buildSettings = {
				ASSETCATALOG_COMPILER_APPICON_NAME = AppIcon;
				ASSETCATALOG_COMPILER_GLOBAL_ACCENT_COLOR_NAME = AccentColor;
				CODE_SIGN_ENTITLEMENTS = App/Resources/macOS.entitlements;
				CODE_SIGN_STYLE = Automatic;
				COMBINE_HIDPI_IMAGES = YES;
				DEVELOPMENT_TEAM = S7YQ892G6G;
				ENABLE_HARDENED_RUNTIME = YES;
				ENABLE_PREVIEWS = YES;
				INFOPLIST_FILE = "App/Resources/macOS-Info.plist";
				LD_RUNPATH_SEARCH_PATHS = (
					"$(inherited)",
					"@executable_path/../Frameworks",
				);
				MACOSX_DEPLOYMENT_TARGET = 11.0;
				PRODUCT_BUNDLE_IDENTIFIER = com.cocoawithlove.CwlFeedReader;
				PRODUCT_NAME = CwlFeedReader;
				SDKROOT = macosx;
				SWIFT_VERSION = 5.0;
			};
			name = Debug;
		};
		C954D857250C8B5800488BCF /* Release */ = {
			isa = XCBuildConfiguration;
			buildSettings = {
				ASSETCATALOG_COMPILER_APPICON_NAME = AppIcon;
				ASSETCATALOG_COMPILER_GLOBAL_ACCENT_COLOR_NAME = AccentColor;
				CODE_SIGN_ENTITLEMENTS = App/Resources/macOS.entitlements;
				CODE_SIGN_STYLE = Automatic;
				COMBINE_HIDPI_IMAGES = YES;
				DEVELOPMENT_TEAM = S7YQ892G6G;
				ENABLE_HARDENED_RUNTIME = YES;
				ENABLE_PREVIEWS = YES;
				INFOPLIST_FILE = "App/Resources/macOS-Info.plist";
				LD_RUNPATH_SEARCH_PATHS = (
					"$(inherited)",
					"@executable_path/../Frameworks",
				);
				MACOSX_DEPLOYMENT_TARGET = 11.0;
				PRODUCT_BUNDLE_IDENTIFIER = com.cocoawithlove.CwlFeedReader;
				PRODUCT_NAME = CwlFeedReader;
				SDKROOT = macosx;
				SWIFT_VERSION = 5.0;
			};
			name = Release;
		};
/* End XCBuildConfiguration section */

/* Begin XCConfigurationList section */
		C954D835250C8B5700488BCF /* Build configuration list for PBXProject "CwlFeedReader" */ = {
			isa = XCConfigurationList;
			buildConfigurations = (
				C954D850250C8B5800488BCF /* Debug */,
				C954D851250C8B5800488BCF /* Release */,
			);
			defaultConfigurationIsVisible = 0;
			defaultConfigurationName = Release;
		};
		C954D852250C8B5800488BCF /* Build configuration list for PBXNativeTarget "CwlFeedReader (iOS)" */ = {
			isa = XCConfigurationList;
			buildConfigurations = (
				C954D853250C8B5800488BCF /* Debug */,
				C954D854250C8B5800488BCF /* Release */,
			);
			defaultConfigurationIsVisible = 0;
			defaultConfigurationName = Release;
		};
		C954D855250C8B5800488BCF /* Build configuration list for PBXNativeTarget "CwlFeedReader (macOS)" */ = {
			isa = XCConfigurationList;
			buildConfigurations = (
				C954D856250C8B5800488BCF /* Debug */,
				C954D857250C8B5800488BCF /* Release */,
			);
			defaultConfigurationIsVisible = 0;
			defaultConfigurationName = Release;
		};
/* End XCConfigurationList section */
	};
	rootObject = C954D832250C8B5700488BCF /* Project object */;
}
